
Microsoft Visual Studio Solution File, Format Version 12.00
# Visual Studio Version 17
VisualStudioVersion = 17.13.35806.99 d17.13
MinimumVisualStudioVersion = 10.0.40219.1
Project("{FAE04EC0-301F-11D3-BF4B-00C04F79EFBC}") = "database", "database.csproj", "{50571672-544C-49AA-8608-CB3B938D8615}"
EndProject
Global
	GlobalSection(SolutionConfigurationPlatforms) = preSolution
		Debug|Any CPU = Debug|Any CPU
		Release|Any CPU = Release|Any CPU
	EndGlobalSection
	GlobalSection(ProjectConfigurationPlatforms) = postSolution
		{50571672-544C-49AA-8608-CB3B938D8615}.Debug|Any CPU.ActiveCfg = Debug|Any CPU
		{50571672-544C-49AA-8608-CB3B938D8615}.Debug|Any CPU.Build.0 = Debug|Any CPU
		{50571672-544C-49AA-8608-CB3B938D8615}.Release|Any CPU.ActiveCfg = Release|Any CPU
		{50571672-544C-49AA-8608-CB3B938D8615}.Release|Any CPU.Build.0 = Release|Any CPU
	EndGlobalSection
	GlobalSection(SolutionProperties) = preSolution
		HideSolutionNode = FALSE
	EndGlobalSection
	GlobalSection(ExtensibilityGlobals) = postSolution
		SolutionGuid = {581E68E6-16DF-4841-8E5E-374DEA2EA4DD}
	EndGlobalSection
EndGlobal
